
[package]
name = notNotOdd
authors = ["lvcky-gg"]
edition = '2023'
rust-version = "1.25.2"
description = "notNotOdd and notNotEven"
documentation = "https://github.com/Lvcky-gg/notNotOdd"

# This file is automatically @generated by Cargo.
# It is not intended for manual editing.
version = 3

[[package]]
name = "build_time"
version = "0.1.0"


